
Microsoft Visual Studio Solution File, Format Version 12.00
# Visual Studio Version 17
VisualStudioVersion = 17.7.34202.233
MinimumVisualStudioVersion = 10.0.40219.1
Project("{FAE04EC0-301F-11D3-BF4B-00C04F79EFBC}") = "presentación", "presentación\presentación.csproj", "{AA62975C-EBFC-447E-9C46-8527F7074905}"
EndProject
Project("{FAE04EC0-301F-11D3-BF4B-00C04F79EFBC}") = "Dominio", "Dominio\Dominio.csproj", "{724965A6-6000-4EB1-8AA7-3801D1FE0E0C}"
EndProject
Project("{FAE04EC0-301F-11D3-BF4B-00C04F79EFBC}") = "Negocios", "Negocios\Negocios.csproj", "{959112D6-637B-44C0-949B-21A20791D7D2}"
EndProject
Global
	GlobalSection(SolutionConfigurationPlatforms) = preSolution
		Debug|Any CPU = Debug|Any CPU
		Release|Any CPU = Release|Any CPU
	EndGlobalSection
	GlobalSection(ProjectConfigurationPlatforms) = postSolution
		{AA62975C-EBFC-447E-9C46-8527F7074905}.Debug|Any CPU.ActiveCfg = Debug|Any CPU
		{AA62975C-EBFC-447E-9C46-8527F7074905}.Debug|Any CPU.Build.0 = Debug|Any CPU
		{AA62975C-EBFC-447E-9C46-8527F7074905}.Release|Any CPU.ActiveCfg = Release|Any CPU
		{AA62975C-EBFC-447E-9C46-8527F7074905}.Release|Any CPU.Build.0 = Release|Any CPU
		{724965A6-6000-4EB1-8AA7-3801D1FE0E0C}.Debug|Any CPU.ActiveCfg = Debug|Any CPU
		{724965A6-6000-4EB1-8AA7-3801D1FE0E0C}.Debug|Any CPU.Build.0 = Debug|Any CPU
		{724965A6-6000-4EB1-8AA7-3801D1FE0E0C}.Release|Any CPU.ActiveCfg = Release|Any CPU
		{724965A6-6000-4EB1-8AA7-3801D1FE0E0C}.Release|Any CPU.Build.0 = Release|Any CPU
		{959112D6-637B-44C0-949B-21A20791D7D2}.Debug|Any CPU.ActiveCfg = Debug|Any CPU
		{959112D6-637B-44C0-949B-21A20791D7D2}.Debug|Any CPU.Build.0 = Debug|Any CPU
		{959112D6-637B-44C0-949B-21A20791D7D2}.Release|Any CPU.ActiveCfg = Release|Any CPU
		{959112D6-637B-44C0-949B-21A20791D7D2}.Release|Any CPU.Build.0 = Release|Any CPU
	EndGlobalSection
	GlobalSection(SolutionProperties) = preSolution
		HideSolutionNode = FALSE
	EndGlobalSection
	GlobalSection(ExtensibilityGlobals) = postSolution
		SolutionGuid = {5D89DA3E-38C1-460A-95F5-120E902CE38C}
	EndGlobalSection
EndGlobal
